
Microsoft Visual Studio Solution File, Format Version 12.00
# Visual Studio Version 17
VisualStudioVersion = 17.9.34701.34
MinimumVisualStudioVersion = 10.0.40219.1
Project("{FAE04EC0-301F-11D3-BF4B-00C04F79EFBC}") = "exercicio-produto", "exercicio-produto\exercicio-produto.csproj", "{B6184E3C-B640-47B1-8FC9-96758DE9436A}"
EndProject
Global
	GlobalSection(SolutionConfigurationPlatforms) = preSolution
		Debug|Any CPU = Debug|Any CPU
		Release|Any CPU = Release|Any CPU
	EndGlobalSection
	GlobalSection(ProjectConfigurationPlatforms) = postSolution
		{B6184E3C-B640-47B1-8FC9-96758DE9436A}.Debug|Any CPU.ActiveCfg = Debug|Any CPU
		{B6184E3C-B640-47B1-8FC9-96758DE9436A}.Debug|Any CPU.Build.0 = Debug|Any CPU
		{B6184E3C-B640-47B1-8FC9-96758DE9436A}.Release|Any CPU.ActiveCfg = Release|Any CPU
		{B6184E3C-B640-47B1-8FC9-96758DE9436A}.Release|Any CPU.Build.0 = Release|Any CPU
	EndGlobalSection
	GlobalSection(SolutionProperties) = preSolution
		HideSolutionNode = FALSE
	EndGlobalSection
	GlobalSection(ExtensibilityGlobals) = postSolution
		SolutionGuid = {5DC6193D-89BC-402A-8B7B-37488A5BC30B}
	EndGlobalSection
EndGlobal
