
Microsoft Visual Studio Solution File, Format Version 12.00
# Visual Studio Version 17
VisualStudioVersion = 17.9.34701.34
MinimumVisualStudioVersion = 10.0.40219.1
Project("{FAE04EC0-301F-11D3-BF4B-00C04F79EFBC}") = "exercicio-bicicleta", "exercicio-bicicleta\exercicio-bicicleta.csproj", "{8AACF31D-1754-498E-8F70-F173DDD5930B}"
EndProject
Global
	GlobalSection(SolutionConfigurationPlatforms) = preSolution
		Debug|Any CPU = Debug|Any CPU
		Release|Any CPU = Release|Any CPU
	EndGlobalSection
	GlobalSection(ProjectConfigurationPlatforms) = postSolution
		{8AACF31D-1754-498E-8F70-F173DDD5930B}.Debug|Any CPU.ActiveCfg = Debug|Any CPU
		{8AACF31D-1754-498E-8F70-F173DDD5930B}.Debug|Any CPU.Build.0 = Debug|Any CPU
		{8AACF31D-1754-498E-8F70-F173DDD5930B}.Release|Any CPU.ActiveCfg = Release|Any CPU
		{8AACF31D-1754-498E-8F70-F173DDD5930B}.Release|Any CPU.Build.0 = Release|Any CPU
	EndGlobalSection
	GlobalSection(SolutionProperties) = preSolution
		HideSolutionNode = FALSE
	EndGlobalSection
	GlobalSection(ExtensibilityGlobals) = postSolution
		SolutionGuid = {C2A2D854-B302-4913-8625-185AAF907671}
	EndGlobalSection
EndGlobal
