
Microsoft Visual Studio Solution File, Format Version 12.00
# Visual Studio Version 17
VisualStudioVersion = 17.9.34701.34
MinimumVisualStudioVersion = 10.0.40219.1
Project("{FAE04EC0-301F-11D3-BF4B-00C04F79EFBC}") = "loteria", "loteria\loteria.csproj", "{4BD8B2B4-6561-4666-B438-A630BC8F9A5A}"
EndProject
Global
	GlobalSection(SolutionConfigurationPlatforms) = preSolution
		Debug|Any CPU = Debug|Any CPU
		Release|Any CPU = Release|Any CPU
	EndGlobalSection
	GlobalSection(ProjectConfigurationPlatforms) = postSolution
		{4BD8B2B4-6561-4666-B438-A630BC8F9A5A}.Debug|Any CPU.ActiveCfg = Debug|Any CPU
		{4BD8B2B4-6561-4666-B438-A630BC8F9A5A}.Debug|Any CPU.Build.0 = Debug|Any CPU
		{4BD8B2B4-6561-4666-B438-A630BC8F9A5A}.Release|Any CPU.ActiveCfg = Release|Any CPU
		{4BD8B2B4-6561-4666-B438-A630BC8F9A5A}.Release|Any CPU.Build.0 = Release|Any CPU
	EndGlobalSection
	GlobalSection(SolutionProperties) = preSolution
		HideSolutionNode = FALSE
	EndGlobalSection
	GlobalSection(ExtensibilityGlobals) = postSolution
		SolutionGuid = {557EC7EE-D458-425F-AD06-80708CF7C8C9}
	EndGlobalSection
EndGlobal
