
Microsoft Visual Studio Solution File, Format Version 12.00
# Visual Studio Version 17
VisualStudioVersion = 17.9.34701.34
MinimumVisualStudioVersion = 10.0.40219.1
Project("{FAE04EC0-301F-11D3-BF4B-00C04F79EFBC}") = "lista-estrutura-condicional", "lista-estrutura-condicional\lista-estrutura-condicional.csproj", "{79B2DC47-F508-4862-9D94-9A569DB0C3FA}"
EndProject
Global
	GlobalSection(SolutionConfigurationPlatforms) = preSolution
		Debug|Any CPU = Debug|Any CPU
		Release|Any CPU = Release|Any CPU
	EndGlobalSection
	GlobalSection(ProjectConfigurationPlatforms) = postSolution
		{79B2DC47-F508-4862-9D94-9A569DB0C3FA}.Debug|Any CPU.ActiveCfg = Debug|Any CPU
		{79B2DC47-F508-4862-9D94-9A569DB0C3FA}.Debug|Any CPU.Build.0 = Debug|Any CPU
		{79B2DC47-F508-4862-9D94-9A569DB0C3FA}.Release|Any CPU.ActiveCfg = Release|Any CPU
		{79B2DC47-F508-4862-9D94-9A569DB0C3FA}.Release|Any CPU.Build.0 = Release|Any CPU
	EndGlobalSection
	GlobalSection(SolutionProperties) = preSolution
		HideSolutionNode = FALSE
	EndGlobalSection
	GlobalSection(ExtensibilityGlobals) = postSolution
		SolutionGuid = {FDC7A72F-4CF8-4845-AF14-BB6BD6DDE7DF}
	EndGlobalSection
EndGlobal
